// !$*UTF8*$!
{
	archiveVersion = 1;
	classes = {
	};
	objectVersion = 55;
	objects = {

/* Begin PBXBuildFile section */
		FC6D691228DC67AA00BE22AA /* AppDelegate.swift in Sources */ = {isa = PBXBuildFile; fileRef = FC6D691128DC67AA00BE22AA /* AppDelegate.swift */; };
		FC6D691428DC67AA00BE22AA /* SceneDelegate.swift in Sources */ = {isa = PBXBuildFile; fileRef = FC6D691328DC67AA00BE22AA /* SceneDelegate.swift */; };
		FC6D691628DC67AA00BE22AA /* ProfileViewController.swift in Sources */ = {isa = PBXBuildFile; fileRef = FC6D691528DC67AA00BE22AA /* ProfileViewController.swift */; };
		FC6D691928DC67AA00BE22AA /* Main.storyboard in Resources */ = {isa = PBXBuildFile; fileRef = FC6D691728DC67AA00BE22AA /* Main.storyboard */; };
		FC6D691B28DC67AC00BE22AA /* Assets.xcassets in Resources */ = {isa = PBXBuildFile; fileRef = FC6D691A28DC67AC00BE22AA /* Assets.xcassets */; };
		FC6D691E28DC67AC00BE22AA /* LaunchScreen.storyboard in Resources */ = {isa = PBXBuildFile; fileRef = FC6D691C28DC67AC00BE22AA /* LaunchScreen.storyboard */; };
		FC6D692628DC74E900BE22AA /* AuthViewController.swift in Sources */ = {isa = PBXBuildFile; fileRef = FC6D692528DC74E900BE22AA /* AuthViewController.swift */; };
		FC6D694E28DCEBAB00BE22AA /* TokenModel.swift in Sources */ = {isa = PBXBuildFile; fileRef = FC6D694D28DCEBAB00BE22AA /* TokenModel.swift */; };
		FC6D695228DCF0E500BE22AA /* ProfileModel.swift in Sources */ = {isa = PBXBuildFile; fileRef = FC6D695128DCF0E500BE22AA /* ProfileModel.swift */; };
		FC6D695528DCF52300BE22AA /* UIView.swift in Sources */ = {isa = PBXBuildFile; fileRef = FC6D695428DCF52300BE22AA /* UIView.swift */; };
		FC6D695C28DE2C6A00BE22AA /* AuthManager.swift in Sources */ = {isa = PBXBuildFile; fileRef = FC6D695B28DE2C6A00BE22AA /* AuthManager.swift */; };
		FC6D696028DE32F800BE22AA /* NetworkError.swift in Sources */ = {isa = PBXBuildFile; fileRef = FC6D695F28DE32F800BE22AA /* NetworkError.swift */; };
		FC6D699928DE559600BE22AA /* ProfileManager.swift in Sources */ = {isa = PBXBuildFile; fileRef = FC6D699828DE559600BE22AA /* ProfileManager.swift */; };
/* End PBXBuildFile section */

/* Begin PBXFileReference section */
		FC6D690E28DC67AA00BE22AA /* Eltex.app */ = {isa = PBXFileReference; explicitFileType = wrapper.application; includeInIndex = 0; path = Eltex.app; sourceTree = BUILT_PRODUCTS_DIR; };
		FC6D691128DC67AA00BE22AA /* AppDelegate.swift */ = {isa = PBXFileReference; lastKnownFileType = sourcecode.swift; path = AppDelegate.swift; sourceTree = "<group>"; };
		FC6D691328DC67AA00BE22AA /* SceneDelegate.swift */ = {isa = PBXFileReference; lastKnownFileType = sourcecode.swift; path = SceneDelegate.swift; sourceTree = "<group>"; };
		FC6D691528DC67AA00BE22AA /* ProfileViewController.swift */ = {isa = PBXFileReference; lastKnownFileType = sourcecode.swift; path = ProfileViewController.swift; sourceTree = "<group>"; };
		FC6D691828DC67AA00BE22AA /* Base */ = {isa = PBXFileReference; lastKnownFileType = file.storyboard; name = Base; path = Base.lproj/Main.storyboard; sourceTree = "<group>"; };
		FC6D691A28DC67AC00BE22AA /* Assets.xcassets */ = {isa = PBXFileReference; lastKnownFileType = folder.assetcatalog; path = Assets.xcassets; sourceTree = "<group>"; };
		FC6D691D28DC67AC00BE22AA /* Base */ = {isa = PBXFileReference; lastKnownFileType = file.storyboard; name = Base; path = Base.lproj/LaunchScreen.storyboard; sourceTree = "<group>"; };
		FC6D691F28DC67AC00BE22AA /* Info.plist */ = {isa = PBXFileReference; lastKnownFileType = text.plist.xml; path = Info.plist; sourceTree = "<group>"; };
		FC6D692528DC74E900BE22AA /* AuthViewController.swift */ = {isa = PBXFileReference; lastKnownFileType = sourcecode.swift; path = AuthViewController.swift; sourceTree = "<group>"; };
		FC6D694D28DCEBAB00BE22AA /* TokenModel.swift */ = {isa = PBXFileReference; lastKnownFileType = sourcecode.swift; path = TokenModel.swift; sourceTree = "<group>"; };
		FC6D695128DCF0E500BE22AA /* ProfileModel.swift */ = {isa = PBXFileReference; lastKnownFileType = sourcecode.swift; path = ProfileModel.swift; sourceTree = "<group>"; };
		FC6D695428DCF52300BE22AA /* UIView.swift */ = {isa = PBXFileReference; lastKnownFileType = sourcecode.swift; path = UIView.swift; sourceTree = "<group>"; };
		FC6D695B28DE2C6A00BE22AA /* AuthManager.swift */ = {isa = PBXFileReference; lastKnownFileType = sourcecode.swift; path = AuthManager.swift; sourceTree = "<group>"; };
		FC6D695F28DE32F800BE22AA /* NetworkError.swift */ = {isa = PBXFileReference; lastKnownFileType = sourcecode.swift; path = NetworkError.swift; sourceTree = "<group>"; };
		FC6D699828DE559600BE22AA /* ProfileManager.swift */ = {isa = PBXFileReference; lastKnownFileType = sourcecode.swift; path = ProfileManager.swift; sourceTree = "<group>"; };
/* End PBXFileReference section */

/* Begin PBXFrameworksBuildPhase section */
		FC6D690B28DC67AA00BE22AA /* Frameworks */ = {
			isa = PBXFrameworksBuildPhase;
			buildActionMask = 2147483647;
			files = (
			);
			runOnlyForDeploymentPostprocessing = 0;
		};
/* End PBXFrameworksBuildPhase section */

/* Begin PBXGroup section */
		FC6D690528DC67AA00BE22AA = {
			isa = PBXGroup;
			children = (
				FC6D691028DC67AA00BE22AA /* Eltex */,
				FC6D690F28DC67AA00BE22AA /* Products */,
			);
			sourceTree = "<group>";
		};
		FC6D690F28DC67AA00BE22AA /* Products */ = {
			isa = PBXGroup;
			children = (
				FC6D690E28DC67AA00BE22AA /* Eltex.app */,
			);
			name = Products;
			sourceTree = "<group>";
		};
		FC6D691028DC67AA00BE22AA /* Eltex */ = {
			isa = PBXGroup;
			children = (
				FC6D692728DC74EF00BE22AA /* Resources */,
				FC6D694C28DCEB9000BE22AA /* Models */,
				FC6D692828DC74FB00BE22AA /* Views */,
				FC6D692928DC753100BE22AA /* Controllers */,
				FC6D699D28E0351000BE22AA /* Networking */,
				FC6D695328DCF51A00BE22AA /* Extensions */,
			);
			path = Eltex;
			sourceTree = "<group>";
		};
		FC6D692728DC74EF00BE22AA /* Resources */ = {
			isa = PBXGroup;
			children = (
				FC6D691F28DC67AC00BE22AA /* Info.plist */,
				FC6D691A28DC67AC00BE22AA /* Assets.xcassets */,
				FC6D691128DC67AA00BE22AA /* AppDelegate.swift */,
				FC6D691328DC67AA00BE22AA /* SceneDelegate.swift */,
			);
			path = Resources;
			sourceTree = "<group>";
		};
		FC6D692828DC74FB00BE22AA /* Views */ = {
			isa = PBXGroup;
			children = (
				FC6D691728DC67AA00BE22AA /* Main.storyboard */,
				FC6D691C28DC67AC00BE22AA /* LaunchScreen.storyboard */,
			);
			path = Views;
			sourceTree = "<group>";
		};
		FC6D692928DC753100BE22AA /* Controllers */ = {
			isa = PBXGroup;
			children = (
				FC6D692528DC74E900BE22AA /* AuthViewController.swift */,
				FC6D691528DC67AA00BE22AA /* ProfileViewController.swift */,
			);
			path = Controllers;
			sourceTree = "<group>";
		};
		FC6D694C28DCEB9000BE22AA /* Models */ = {
			isa = PBXGroup;
			children = (
				FC6D694D28DCEBAB00BE22AA /* TokenModel.swift */,
				FC6D695128DCF0E500BE22AA /* ProfileModel.swift */,
			);
			path = Models;
			sourceTree = "<group>";
		};
		FC6D695328DCF51A00BE22AA /* Extensions */ = {
			isa = PBXGroup;
			children = (
				FC6D695428DCF52300BE22AA /* UIView.swift */,
			);
			path = Extensions;
			sourceTree = "<group>";
		};
		FC6D699D28E0351000BE22AA /* Networking */ = {
			isa = PBXGroup;
			children = (
				FC6D695B28DE2C6A00BE22AA /* AuthManager.swift */,
				FC6D699828DE559600BE22AA /* ProfileManager.swift */,
				FC6D695F28DE32F800BE22AA /* NetworkError.swift */,
			);
			path = Networking;
			sourceTree = "<group>";
		};
/* End PBXGroup section */

/* Begin PBXNativeTarget section */
		FC6D690D28DC67AA00BE22AA /* Eltex */ = {
			isa = PBXNativeTarget;
			buildConfigurationList = FC6D692228DC67AC00BE22AA /* Build configuration list for PBXNativeTarget "Eltex" */;
			buildPhases = (
				FC6D690A28DC67AA00BE22AA /* Sources */,
				FC6D690B28DC67AA00BE22AA /* Frameworks */,
				FC6D690C28DC67AA00BE22AA /* Resources */,
			);
			buildRules = (
			);
			dependencies = (
			);
			name = Eltex;
			productName = Eltex;
			productReference = FC6D690E28DC67AA00BE22AA /* Eltex.app */;
			productType = "com.apple.product-type.application";
		};
/* End PBXNativeTarget section */

/* Begin PBXProject section */
		FC6D690628DC67AA00BE22AA /* Project object */ = {
			isa = PBXProject;
			attributes = {
				BuildIndependentTargetsInParallel = 1;
				LastSwiftUpdateCheck = 1340;
				LastUpgradeCheck = 1340;
				TargetAttributes = {
					FC6D690D28DC67AA00BE22AA = {
						CreatedOnToolsVersion = 13.4.1;
					};
				};
			};
			buildConfigurationList = FC6D690928DC67AA00BE22AA /* Build configuration list for PBXProject "Eltex" */;
			compatibilityVersion = "Xcode 13.0";
			developmentRegion = en;
			hasScannedForEncodings = 0;
			knownRegions = (
				en,
				Base,
			);
			mainGroup = FC6D690528DC67AA00BE22AA;
			productRefGroup = FC6D690F28DC67AA00BE22AA /* Products */;
			projectDirPath = "";
			projectRoot = "";
			targets = (
				FC6D690D28DC67AA00BE22AA /* Eltex */,
			);
		};
/* End PBXProject section */

/* Begin PBXResourcesBuildPhase section */
		FC6D690C28DC67AA00BE22AA /* Resources */ = {
			isa = PBXResourcesBuildPhase;
			buildActionMask = 2147483647;
			files = (
				FC6D691E28DC67AC00BE22AA /* LaunchScreen.storyboard in Resources */,
				FC6D691B28DC67AC00BE22AA /* Assets.xcassets in Resources */,
				FC6D691928DC67AA00BE22AA /* Main.storyboard in Resources */,
			);
			runOnlyForDeploymentPostprocessing = 0;
		};
/* End PBXResourcesBuildPhase section */

/* Begin PBXSourcesBuildPhase section */
		FC6D690A28DC67AA00BE22AA /* Sources */ = {
			isa = PBXSourcesBuildPhase;
			buildActionMask = 2147483647;
			files = (
				FC6D692628DC74E900BE22AA /* AuthViewController.swift in Sources */,
				FC6D699928DE559600BE22AA /* ProfileManager.swift in Sources */,
				FC6D691628DC67AA00BE22AA /* ProfileViewController.swift in Sources */,
				FC6D691228DC67AA00BE22AA /* AppDelegate.swift in Sources */,
				FC6D695528DCF52300BE22AA /* UIView.swift in Sources */,
				FC6D695228DCF0E500BE22AA /* ProfileModel.swift in Sources */,
				FC6D694E28DCEBAB00BE22AA /* TokenModel.swift in Sources */,
				FC6D691428DC67AA00BE22AA /* SceneDelegate.swift in Sources */,
				FC6D696028DE32F800BE22AA /* NetworkError.swift in Sources */,
				FC6D695C28DE2C6A00BE22AA /* AuthManager.swift in Sources */,
			);
			runOnlyForDeploymentPostprocessing = 0;
		};
/* End PBXSourcesBuildPhase section */

/* Begin PBXVariantGroup section */
		FC6D691728DC67AA00BE22AA /* Main.storyboard */ = {
			isa = PBXVariantGroup;
			children = (
				FC6D691828DC67AA00BE22AA /* Base */,
			);
			name = Main.storyboard;
			sourceTree = "<group>";
		};
		FC6D691C28DC67AC00BE22AA /* LaunchScreen.storyboard */ = {
			isa = PBXVariantGroup;
			children = (
				FC6D691D28DC67AC00BE22AA /* Base */,
			);
			name = LaunchScreen.storyboard;
			sourceTree = "<group>";
		};
/* End PBXVariantGroup section */

/* Begin XCBuildConfiguration section */
		FC6D692028DC67AC00BE22AA /* Debug */ = {
			isa = XCBuildConfiguration;
			buildSettings = {
				ALWAYS_SEARCH_USER_PATHS = NO;
				CLANG_ANALYZER_NONNULL = YES;
				CLANG_ANALYZER_NUMBER_OBJECT_CONVERSION = YES_AGGRESSIVE;
				CLANG_CXX_LANGUAGE_STANDARD = "gnu++17";
				CLANG_ENABLE_MODULES = YES;
				CLANG_ENABLE_OBJC_ARC = YES;
				CLANG_ENABLE_OBJC_WEAK = YES;
				CLANG_WARN_BLOCK_CAPTURE_AUTORELEASING = YES;
				CLANG_WARN_BOOL_CONVERSION = YES;
				CLANG_WARN_COMMA = YES;
				CLANG_WARN_CONSTANT_CONVERSION = YES;
				CLANG_WARN_DEPRECATED_OBJC_IMPLEMENTATIONS = YES;
				CLANG_WARN_DIRECT_OBJC_ISA_USAGE = YES_ERROR;
				CLANG_WARN_DOCUMENTATION_COMMENTS = YES;
				CLANG_WARN_EMPTY_BODY = YES;
				CLANG_WARN_ENUM_CONVERSION = YES;
				CLANG_WARN_INFINITE_RECURSION = YES;
				CLANG_WARN_INT_CONVERSION = YES;
				CLANG_WARN_NON_LITERAL_NULL_CONVERSION = YES;
				CLANG_WARN_OBJC_IMPLICIT_RETAIN_SELF = YES;
				CLANG_WARN_OBJC_LITERAL_CONVERSION = YES;
				CLANG_WARN_OBJC_ROOT_CLASS = YES_ERROR;
				CLANG_WARN_QUOTED_INCLUDE_IN_FRAMEWORK_HEADER = YES;
				CLANG_WARN_RANGE_LOOP_ANALYSIS = YES;
				CLANG_WARN_STRICT_PROTOTYPES = YES;
				CLANG_WARN_SUSPICIOUS_MOVE = YES;
				CLANG_WARN_UNGUARDED_AVAILABILITY = YES_AGGRESSIVE;
				CLANG_WARN_UNREACHABLE_CODE = YES;
				CLANG_WARN__DUPLICATE_METHOD_MATCH = YES;
				COPY_PHASE_STRIP = NO;
				DEBUG_INFORMATION_FORMAT = dwarf;
				ENABLE_STRICT_OBJC_MSGSEND = YES;
				ENABLE_TESTABILITY = YES;
				GCC_C_LANGUAGE_STANDARD = gnu11;
				GCC_DYNAMIC_NO_PIC = NO;
				GCC_NO_COMMON_BLOCKS = YES;
				GCC_OPTIMIZATION_LEVEL = 0;
				GCC_PREPROCESSOR_DEFINITIONS = (
					"DEBUG=1",
					"$(inherited)",
				);
				GCC_WARN_64_TO_32_BIT_CONVERSION = YES;
				GCC_WARN_ABOUT_RETURN_TYPE = YES_ERROR;
				GCC_WARN_UNDECLARED_SELECTOR = YES;
				GCC_WARN_UNINITIALIZED_AUTOS = YES_AGGRESSIVE;
				GCC_WARN_UNUSED_FUNCTION = YES;
				GCC_WARN_UNUSED_VARIABLE = YES;
				IPHONEOS_DEPLOYMENT_TARGET = 15.5;
				MTL_ENABLE_DEBUG_INFO = INCLUDE_SOURCE;
				MTL_FAST_MATH = YES;
				ONLY_ACTIVE_ARCH = YES;
				SDKROOT = iphoneos;
				SWIFT_ACTIVE_COMPILATION_CONDITIONS = DEBUG;
				SWIFT_OPTIMIZATION_LEVEL = "-Onone";
			};
			name = Debug;
		};
		FC6D692128DC67AC00BE22AA /* Release */ = {
			isa = XCBuildConfiguration;
			buildSettings = {
				ALWAYS_SEARCH_USER_PATHS = NO;
				CLANG_ANALYZER_NONNULL = YES;
				CLANG_ANALYZER_NUMBER_OBJECT_CONVERSION = YES_AGGRESSIVE;
				CLANG_CXX_LANGUAGE_STANDARD = "gnu++17";
				CLANG_ENABLE_MODULES = YES;
				CLANG_ENABLE_OBJC_ARC = YES;
				CLANG_ENABLE_OBJC_WEAK = YES;
				CLANG_WARN_BLOCK_CAPTURE_AUTORELEASING = YES;
				CLANG_WARN_BOOL_CONVERSION = YES;
				CLANG_WARN_COMMA = YES;
				CLANG_WARN_CONSTANT_CONVERSION = YES;
				CLANG_WARN_DEPRECATED_OBJC_IMPLEMENTATIONS = YES;
				CLANG_WARN_DIRECT_OBJC_ISA_USAGE = YES_ERROR;
				CLANG_WARN_DOCUMENTATION_COMMENTS = YES;
				CLANG_WARN_EMPTY_BODY = YES;
				CLANG_WARN_ENUM_CONVERSION = YES;
				CLANG_WARN_INFINITE_RECURSION = YES;
				CLANG_WARN_INT_CONVERSION = YES;
				CLANG_WARN_NON_LITERAL_NULL_CONVERSION = YES;
				CLANG_WARN_OBJC_IMPLICIT_RETAIN_SELF = YES;
				CLANG_WARN_OBJC_LITERAL_CONVERSION = YES;
				CLANG_WARN_OBJC_ROOT_CLASS = YES_ERROR;
				CLANG_WARN_QUOTED_INCLUDE_IN_FRAMEWORK_HEADER = YES;
				CLANG_WARN_RANGE_LOOP_ANALYSIS = YES;
				CLANG_WARN_STRICT_PROTOTYPES = YES;
				CLANG_WARN_SUSPICIOUS_MOVE = YES;
				CLANG_WARN_UNGUARDED_AVAILABILITY = YES_AGGRESSIVE;
				CLANG_WARN_UNREACHABLE_CODE = YES;
				CLANG_WARN__DUPLICATE_METHOD_MATCH = YES;
				COPY_PHASE_STRIP = NO;
				DEBUG_INFORMATION_FORMAT = "dwarf-with-dsym";
				ENABLE_NS_ASSERTIONS = NO;
				ENABLE_STRICT_OBJC_MSGSEND = YES;
				GCC_C_LANGUAGE_STANDARD = gnu11;
				GCC_NO_COMMON_BLOCKS = YES;
				GCC_WARN_64_TO_32_BIT_CONVERSION = YES;
				GCC_WARN_ABOUT_RETURN_TYPE = YES_ERROR;
				GCC_WARN_UNDECLARED_SELECTOR = YES;
				GCC_WARN_UNINITIALIZED_AUTOS = YES_AGGRESSIVE;
				GCC_WARN_UNUSED_FUNCTION = YES;
				GCC_WARN_UNUSED_VARIABLE = YES;
				IPHONEOS_DEPLOYMENT_TARGET = 15.5;
				MTL_ENABLE_DEBUG_INFO = NO;
				MTL_FAST_MATH = YES;
				SDKROOT = iphoneos;
				SWIFT_COMPILATION_MODE = wholemodule;
				SWIFT_OPTIMIZATION_LEVEL = "-O";
				VALIDATE_PRODUCT = YES;
			};
			name = Release;
		};
		FC6D692328DC67AC00BE22AA /* Debug */ = {
			isa = XCBuildConfiguration;
			buildSettings = {
				ASSETCATALOG_COMPILER_APPICON_NAME = AppIcon;
				ASSETCATALOG_COMPILER_GLOBAL_ACCENT_COLOR_NAME = AccentColor;
				CODE_SIGN_STYLE = Automatic;
				CURRENT_PROJECT_VERSION = 1;
				DEVELOPMENT_TEAM = DXFSWVDZKD;
				GENERATE_INFOPLIST_FILE = YES;
				INFOPLIST_FILE = Eltex/Resources/Info.plist;
				INFOPLIST_KEY_UIApplicationSupportsIndirectInputEvents = YES;
				INFOPLIST_KEY_UILaunchStoryboardName = LaunchScreen;
				INFOPLIST_KEY_UIMainStoryboardFile = Main;
				INFOPLIST_KEY_UISupportedInterfaceOrientations_iPad = "UIInterfaceOrientationPortrait UIInterfaceOrientationPortraitUpsideDown UIInterfaceOrientationLandscapeLeft UIInterfaceOrientationLandscapeRight";
				INFOPLIST_KEY_UISupportedInterfaceOrientations_iPhone = "UIInterfaceOrientationPortrait UIInterfaceOrientationLandscapeLeft UIInterfaceOrientationLandscapeRight";
				LD_RUNPATH_SEARCH_PATHS = (
					"$(inherited)",
					"@executable_path/Frameworks",
				);
				MARKETING_VERSION = 1.0;
				PRODUCT_BUNDLE_IDENTIFIER = com.yersage.Eltex;
				PRODUCT_NAME = "$(TARGET_NAME)";
				SWIFT_EMIT_LOC_STRINGS = YES;
				SWIFT_VERSION = 5.0;
				TARGETED_DEVICE_FAMILY = "1,2";
			};
			name = Debug;
		};
		FC6D692428DC67AC00BE22AA /* Release */ = {
			isa = XCBuildConfiguration;
			buildSettings = {
				ASSETCATALOG_COMPILER_APPICON_NAME = AppIcon;
				ASSETCATALOG_COMPILER_GLOBAL_ACCENT_COLOR_NAME = AccentColor;
				CODE_SIGN_STYLE = Automatic;
				CURRENT_PROJECT_VERSION = 1;
				DEVELOPMENT_TEAM = DXFSWVDZKD;
				GENERATE_INFOPLIST_FILE = YES;
				INFOPLIST_FILE = Eltex/Resources/Info.plist;
				INFOPLIST_KEY_UIApplicationSupportsIndirectInputEvents = YES;
				INFOPLIST_KEY_UILaunchStoryboardName = LaunchScreen;
				INFOPLIST_KEY_UIMainStoryboardFile = Main;
				INFOPLIST_KEY_UISupportedInterfaceOrientations_iPad = "UIInterfaceOrientationPortrait UIInterfaceOrientationPortraitUpsideDown UIInterfaceOrientationLandscapeLeft UIInterfaceOrientationLandscapeRight";
				INFOPLIST_KEY_UISupportedInterfaceOrientations_iPhone = "UIInterfaceOrientationPortrait UIInterfaceOrientationLandscapeLeft UIInterfaceOrientationLandscapeRight";
				LD_RUNPATH_SEARCH_PATHS = (
					"$(inherited)",
					"@executable_path/Frameworks",
				);
				MARKETING_VERSION = 1.0;
				PRODUCT_BUNDLE_IDENTIFIER = com.yersage.Eltex;
				PRODUCT_NAME = "$(TARGET_NAME)";
				SWIFT_EMIT_LOC_STRINGS = YES;
				SWIFT_VERSION = 5.0;
				TARGETED_DEVICE_FAMILY = "1,2";
			};
			name = Release;
		};
/* End XCBuildConfiguration section */

/* Begin XCConfigurationList section */
		FC6D690928DC67AA00BE22AA /* Build configuration list for PBXProject "Eltex" */ = {
			isa = XCConfigurationList;
			buildConfigurations = (
				FC6D692028DC67AC00BE22AA /* Debug */,
				FC6D692128DC67AC00BE22AA /* Release */,
			);
			defaultConfigurationIsVisible = 0;
			defaultConfigurationName = Release;
		};
		FC6D692228DC67AC00BE22AA /* Build configuration list for PBXNativeTarget "Eltex" */ = {
			isa = XCConfigurationList;
			buildConfigurations = (
				FC6D692328DC67AC00BE22AA /* Debug */,
				FC6D692428DC67AC00BE22AA /* Release */,
			);
			defaultConfigurationIsVisible = 0;
			defaultConfigurationName = Release;
		};
/* End XCConfigurationList section */
	};
	rootObject = FC6D690628DC67AA00BE22AA /* Project object */;
}
